// !$*UTF8*$!
{
	archiveVersion = 1;
	classes = {
	};
	objectVersion = 77;
	objects = {

/* Begin PBXContainerItemProxy section */
		6AD0FDB72DD7DA32005AE64D /* PBXContainerItemProxy */ = {
			isa = PBXContainerItemProxy;
			containerPortal = 6AD0FD9E2DD7DA32005AE64D /* Project object */;
			proxyType = 1;
			remoteGlobalIDString = 6AD0FDA52DD7DA32005AE64D;
			remoteInfo = SudokuSolver;
		};
		6AD0FDC12DD7DA32005AE64D /* PBXContainerItemProxy */ = {
			isa = PBXContainerItemProxy;
			containerPortal = 6AD0FD9E2DD7DA32005AE64D /* Project object */;
			proxyType = 1;
			remoteGlobalIDString = 6AD0FDA52DD7DA32005AE64D;
			remoteInfo = SudokuSolver;
		};
/* End PBXContainerItemProxy section */

/* Begin PBXFileReference section */
		6AD0FDA62DD7DA32005AE64D /* SudokuSolver.app */ = {isa = PBXFileReference; explicitFileType = wrapper.application; includeInIndex = 0; path = SudokuSolver.app; sourceTree = BUILT_PRODUCTS_DIR; };
		6AD0FDB62DD7DA32005AE64D /* SudokuSolverTests.xctest */ = {isa = PBXFileReference; explicitFileType = wrapper.cfbundle; includeInIndex = 0; path = SudokuSolverTests.xctest; sourceTree = BUILT_PRODUCTS_DIR; };
		6AD0FDC02DD7DA32005AE64D /* SudokuSolverUITests.xctest */ = {isa = PBXFileReference; explicitFileType = wrapper.cfbundle; includeInIndex = 0; path = SudokuSolverUITests.xctest; sourceTree = BUILT_PRODUCTS_DIR; };
/* End PBXFileReference section */

/* Begin PBXFileSystemSynchronizedRootGroup section */
		6AD0FDA82DD7DA32005AE64D /* SudokuSolver */ = {
			isa = PBXFileSystemSynchronizedRootGroup;
			path = SudokuSolver;
			sourceTree = "<group>";
		};
		6AD0FDB92DD7DA32005AE64D /* SudokuSolverTests */ = {
			isa = PBXFileSystemSynchronizedRootGroup;
			path = SudokuSolverTests;
			sourceTree = "<group>";
		};
		6AD0FDC32DD7DA32005AE64D /* SudokuSolverUITests */ = {
			isa = PBXFileSystemSynchronizedRootGroup;
			path = SudokuSolverUITests;
			sourceTree = "<group>";
		};
/* End PBXFileSystemSynchronizedRootGroup section */

/* Begin PBXFrameworksBuildPhase section */
		6AD0FDA32DD7DA32005AE64D /* Frameworks */ = {
			isa = PBXFrameworksBuildPhase;
			buildActionMask = 2147483647;
			files = (
			);
			runOnlyForDeploymentPostprocessing = 0;
		};
		6AD0FDB32DD7DA32005AE64D /* Frameworks */ = {
			isa = PBXFrameworksBuildPhase;
			buildActionMask = 2147483647;
			files = (
			);
			runOnlyForDeploymentPostprocessing = 0;
		};
		6AD0FDBD2DD7DA32005AE64D /* Frameworks */ = {
			isa = PBXFrameworksBuildPhase;
			buildActionMask = 2147483647;
			files = (
			);
			runOnlyForDeploymentPostprocessing = 0;
		};
/* End PBXFrameworksBuildPhase section */

/* Begin PBXGroup section */
		6AD0FD9D2DD7DA32005AE64D = {
			isa = PBXGroup;
			children = (
				6AD0FDA82DD7DA32005AE64D /* SudokuSolver */,
				6AD0FDB92DD7DA32005AE64D /* SudokuSolverTests */,
				6AD0FDC32DD7DA32005AE64D /* SudokuSolverUITests */,
				6AD0FDA72DD7DA32005AE64D /* Products */,
			);
			sourceTree = "<group>";
		};
		6AD0FDA72DD7DA32005AE64D /* Products */ = {
			isa = PBXGroup;
			children = (
				6AD0FDA62DD7DA32005AE64D /* SudokuSolver.app */,
				6AD0FDB62DD7DA32005AE64D /* SudokuSolverTests.xctest */,
				6AD0FDC02DD7DA32005AE64D /* SudokuSolverUITests.xctest */,
			);
			name = Products;
			sourceTree = "<group>";
		};
/* End PBXGroup section */

/* Begin PBXNativeTarget section */
		6AD0FDA52DD7DA32005AE64D /* SudokuSolver */ = {
			isa = PBXNativeTarget;
			buildConfigurationList = 6AD0FDCA2DD7DA32005AE64D /* Build configuration list for PBXNativeTarget "SudokuSolver" */;
			buildPhases = (
				6AD0FDA22DD7DA32005AE64D /* Sources */,
				6AD0FDA32DD7DA32005AE64D /* Frameworks */,
				6AD0FDA42DD7DA32005AE64D /* Resources */,
			);
			buildRules = (
			);
			dependencies = (
			);
			fileSystemSynchronizedGroups = (
				6AD0FDA82DD7DA32005AE64D /* SudokuSolver */,
			);
			name = SudokuSolver;
			packageProductDependencies = (
			);
			productName = SudokuSolver;
			productReference = 6AD0FDA62DD7DA32005AE64D /* SudokuSolver.app */;
			productType = "com.apple.product-type.application";
		};
		6AD0FDB52DD7DA32005AE64D /* SudokuSolverTests */ = {
			isa = PBXNativeTarget;
			buildConfigurationList = 6AD0FDCD2DD7DA32005AE64D /* Build configuration list for PBXNativeTarget "SudokuSolverTests" */;
			buildPhases = (
				6AD0FDB22DD7DA32005AE64D /* Sources */,
				6AD0FDB32DD7DA32005AE64D /* Frameworks */,
				6AD0FDB42DD7DA32005AE64D /* Resources */,
			);
			buildRules = (
			);
			dependencies = (
				6AD0FDB82DD7DA32005AE64D /* PBXTargetDependency */,
			);
			fileSystemSynchronizedGroups = (
				6AD0FDB92DD7DA32005AE64D /* SudokuSolverTests */,
			);
			name = SudokuSolverTests;
			packageProductDependencies = (
			);
			productName = SudokuSolverTests;
			productReference = 6AD0FDB62DD7DA32005AE64D /* SudokuSolverTests.xctest */;
			productType = "com.apple.product-type.bundle.unit-test";
		};
		6AD0FDBF2DD7DA32005AE64D /* SudokuSolverUITests */ = {
			isa = PBXNativeTarget;
			buildConfigurationList = 6AD0FDD02DD7DA32005AE64D /* Build configuration list for PBXNativeTarget "SudokuSolverUITests" */;
			buildPhases = (
				6AD0FDBC2DD7DA32005AE64D /* Sources */,
				6AD0FDBD2DD7DA32005AE64D /* Frameworks */,
				6AD0FDBE2DD7DA32005AE64D /* Resources */,
			);
			buildRules = (
			);
			dependencies = (
				6AD0FDC22DD7DA32005AE64D /* PBXTargetDependency */,
			);
			fileSystemSynchronizedGroups = (
				6AD0FDC32DD7DA32005AE64D /* SudokuSolverUITests */,
			);
			name = SudokuSolverUITests;
			packageProductDependencies = (
			);
			productName = SudokuSolverUITests;
			productReference = 6AD0FDC02DD7DA32005AE64D /* SudokuSolverUITests.xctest */;
			productType = "com.apple.product-type.bundle.ui-testing";
		};
/* End PBXNativeTarget section */

/* Begin PBXProject section */
		6AD0FD9E2DD7DA32005AE64D /* Project object */ = {
			isa = PBXProject;
			attributes = {
				BuildIndependentTargetsInParallel = 1;
				LastSwiftUpdateCheck = 1620;
				LastUpgradeCheck = 1620;
				TargetAttributes = {
					6AD0FDA52DD7DA32005AE64D = {
						CreatedOnToolsVersion = 16.2;
					};
					6AD0FDB52DD7DA32005AE64D = {
						CreatedOnToolsVersion = 16.2;
						TestTargetID = 6AD0FDA52DD7DA32005AE64D;
					};
					6AD0FDBF2DD7DA32005AE64D = {
						CreatedOnToolsVersion = 16.2;
						TestTargetID = 6AD0FDA52DD7DA32005AE64D;
					};
				};
			};
			buildConfigurationList = 6AD0FDA12DD7DA32005AE64D /* Build configuration list for PBXProject "SudokuSolver" */;
			developmentRegion = en;
			hasScannedForEncodings = 0;
			knownRegions = (
				en,
				Base,
			);
			mainGroup = 6AD0FD9D2DD7DA32005AE64D;
			minimizedProjectReferenceProxies = 1;
			preferredProjectObjectVersion = 77;
			productRefGroup = 6AD0FDA72DD7DA32005AE64D /* Products */;
			projectDirPath = "";
			projectRoot = "";
			targets = (
				6AD0FDA52DD7DA32005AE64D /* SudokuSolver */,
				6AD0FDB52DD7DA32005AE64D /* SudokuSolverTests */,
				6AD0FDBF2DD7DA32005AE64D /* SudokuSolverUITests */,
			);
		};
/* End PBXProject section */

/* Begin PBXResourcesBuildPhase section */
		6AD0FDA42DD7DA32005AE64D /* Resources */ = {
			isa = PBXResourcesBuildPhase;
			buildActionMask = 2147483647;
			files = (
			);
			runOnlyForDeploymentPostprocessing = 0;
		};
		6AD0FDB42DD7DA32005AE64D /* Resources */ = {
			isa = PBXResourcesBuildPhase;
			buildActionMask = 2147483647;
			files = (
			);
			runOnlyForDeploymentPostprocessing = 0;
		};
		6AD0FDBE2DD7DA32005AE64D /* Resources */ = {
			isa = PBXResourcesBuildPhase;
			buildActionMask = 2147483647;
			files = (
			);
			runOnlyForDeploymentPostprocessing = 0;
		};
/* End PBXResourcesBuildPhase section */

/* Begin PBXSourcesBuildPhase section */
		6AD0FDA22DD7DA32005AE64D /* Sources */ = {
			isa = PBXSourcesBuildPhase;
			buildActionMask = 2147483647;
			files = (
			);
			runOnlyForDeploymentPostprocessing = 0;
		};
		6AD0FDB22DD7DA32005AE64D /* Sources */ = {
			isa = PBXSourcesBuildPhase;
			buildActionMask = 2147483647;
			files = (
			);
			runOnlyForDeploymentPostprocessing = 0;
		};
		6AD0FDBC2DD7DA32005AE64D /* Sources */ = {
			isa = PBXSourcesBuildPhase;
			buildActionMask = 2147483647;
			files = (
			);
			runOnlyForDeploymentPostprocessing = 0;
		};
/* End PBXSourcesBuildPhase section */

/* Begin PBXTargetDependency section */
		6AD0FDB82DD7DA32005AE64D /* PBXTargetDependency */ = {
			isa = PBXTargetDependency;
			target = 6AD0FDA52DD7DA32005AE64D /* SudokuSolver */;
			targetProxy = 6AD0FDB72DD7DA32005AE64D /* PBXContainerItemProxy */;
		};
		6AD0FDC22DD7DA32005AE64D /* PBXTargetDependency */ = {
			isa = PBXTargetDependency;
			target = 6AD0FDA52DD7DA32005AE64D /* SudokuSolver */;
			targetProxy = 6AD0FDC12DD7DA32005AE64D /* PBXContainerItemProxy */;
		};
/* End PBXTargetDependency section */

/* Begin XCBuildConfiguration section */
		6AD0FDC82DD7DA32005AE64D /* Debug */ = {
			isa = XCBuildConfiguration;
			buildSettings = {
				ALWAYS_SEARCH_USER_PATHS = NO;
				ASSETCATALOG_COMPILER_GENERATE_SWIFT_ASSET_SYMBOL_EXTENSIONS = YES;
				CLANG_ANALYZER_NONNULL = YES;
				CLANG_ANALYZER_NUMBER_OBJECT_CONVERSION = YES_AGGRESSIVE;
				CLANG_CXX_LANGUAGE_STANDARD = "gnu++20";
				CLANG_ENABLE_MODULES = YES;
				CLANG_ENABLE_OBJC_ARC = YES;
				CLANG_ENABLE_OBJC_WEAK = YES;
				CLANG_WARN_BLOCK_CAPTURE_AUTORELEASING = YES;
				CLANG_WARN_BOOL_CONVERSION = YES;
				CLANG_WARN_COMMA = YES;
				CLANG_WARN_CONSTANT_CONVERSION = YES;
				CLANG_WARN_DEPRECATED_OBJC_IMPLEMENTATIONS = YES;
				CLANG_WARN_DIRECT_OBJC_ISA_USAGE = YES_ERROR;
				CLANG_WARN_DOCUMENTATION_COMMENTS = YES;
				CLANG_WARN_EMPTY_BODY = YES;
				CLANG_WARN_ENUM_CONVERSION = YES;
				CLANG_WARN_INFINITE_RECURSION = YES;
				CLANG_WARN_INT_CONVERSION = YES;
				CLANG_WARN_NON_LITERAL_NULL_CONVERSION = YES;
				CLANG_WARN_OBJC_IMPLICIT_RETAIN_SELF = YES;
				CLANG_WARN_OBJC_LITERAL_CONVERSION = YES;
				CLANG_WARN_OBJC_ROOT_CLASS = YES_ERROR;
				CLANG_WARN_QUOTED_INCLUDE_IN_FRAMEWORK_HEADER = YES;
				CLANG_WARN_RANGE_LOOP_ANALYSIS = YES;
				CLANG_WARN_STRICT_PROTOTYPES = YES;
				CLANG_WARN_SUSPICIOUS_MOVE = YES;
				CLANG_WARN_UNGUARDED_AVAILABILITY = YES_AGGRESSIVE;
				CLANG_WARN_UNREACHABLE_CODE = YES;
				CLANG_WARN__DUPLICATE_METHOD_MATCH = YES;
				COPY_PHASE_STRIP = NO;
				DEBUG_INFORMATION_FORMAT = dwarf;
				ENABLE_STRICT_OBJC_MSGSEND = YES;
				ENABLE_TESTABILITY = YES;
				ENABLE_USER_SCRIPT_SANDBOXING = YES;
				GCC_C_LANGUAGE_STANDARD = gnu17;
				GCC_DYNAMIC_NO_PIC = NO;
				GCC_NO_COMMON_BLOCKS = YES;
				GCC_OPTIMIZATION_LEVEL = 0;
				GCC_PREPROCESSOR_DEFINITIONS = (
					"DEBUG=1",
					"$(inherited)",
				);
				GCC_WARN_64_TO_32_BIT_CONVERSION = YES;
				GCC_WARN_ABOUT_RETURN_TYPE = YES_ERROR;
				GCC_WARN_UNDECLARED_SELECTOR = YES;
				GCC_WARN_UNINITIALIZED_AUTOS = YES_AGGRESSIVE;
				GCC_WARN_UNUSED_FUNCTION = YES;
				GCC_WARN_UNUSED_VARIABLE = YES;
				IPHONEOS_DEPLOYMENT_TARGET = 18.2;
				LOCALIZATION_PREFERS_STRING_CATALOGS = YES;
				MTL_ENABLE_DEBUG_INFO = INCLUDE_SOURCE;
				MTL_FAST_MATH = YES;
				ONLY_ACTIVE_ARCH = YES;
				SDKROOT = iphoneos;
				SWIFT_ACTIVE_COMPILATION_CONDITIONS = "DEBUG $(inherited)";
				SWIFT_OPTIMIZATION_LEVEL = "-Onone";
			};
			name = Debug;
		};
		6AD0FDC92DD7DA32005AE64D /* Release */ = {
			isa = XCBuildConfiguration;
			buildSettings = {
				ALWAYS_SEARCH_USER_PATHS = NO;
				ASSETCATALOG_COMPILER_GENERATE_SWIFT_ASSET_SYMBOL_EXTENSIONS = YES;
				CLANG_ANALYZER_NONNULL = YES;
				CLANG_ANALYZER_NUMBER_OBJECT_CONVERSION = YES_AGGRESSIVE;
				CLANG_CXX_LANGUAGE_STANDARD = "gnu++20";
				CLANG_ENABLE_MODULES = YES;
				CLANG_ENABLE_OBJC_ARC = YES;
				CLANG_ENABLE_OBJC_WEAK = YES;
				CLANG_WARN_BLOCK_CAPTURE_AUTORELEASING = YES;
				CLANG_WARN_BOOL_CONVERSION = YES;
				CLANG_WARN_COMMA = YES;
				CLANG_WARN_CONSTANT_CONVERSION = YES;
				CLANG_WARN_DEPRECATED_OBJC_IMPLEMENTATIONS = YES;
				CLANG_WARN_DIRECT_OBJC_ISA_USAGE = YES_ERROR;
				CLANG_WARN_DOCUMENTATION_COMMENTS = YES;
				CLANG_WARN_EMPTY_BODY = YES;
				CLANG_WARN_ENUM_CONVERSION = YES;
				CLANG_WARN_INFINITE_RECURSION = YES;
				CLANG_WARN_INT_CONVERSION = YES;
				CLANG_WARN_NON_LITERAL_NULL_CONVERSION = YES;
				CLANG_WARN_OBJC_IMPLICIT_RETAIN_SELF = YES;
				CLANG_WARN_OBJC_LITERAL_CONVERSION = YES;
				CLANG_WARN_OBJC_ROOT_CLASS = YES_ERROR;
				CLANG_WARN_QUOTED_INCLUDE_IN_FRAMEWORK_HEADER = YES;
				CLANG_WARN_RANGE_LOOP_ANALYSIS = YES;
				CLANG_WARN_STRICT_PROTOTYPES = YES;
				CLANG_WARN_SUSPICIOUS_MOVE = YES;
				CLANG_WARN_UNGUARDED_AVAILABILITY = YES_AGGRESSIVE;
				CLANG_WARN_UNREACHABLE_CODE = YES;
				CLANG_WARN__DUPLICATE_METHOD_MATCH = YES;
				COPY_PHASE_STRIP = NO;
				DEBUG_INFORMATION_FORMAT = "dwarf-with-dsym";
				ENABLE_NS_ASSERTIONS = NO;
				ENABLE_STRICT_OBJC_MSGSEND = YES;
				ENABLE_USER_SCRIPT_SANDBOXING = YES;
				GCC_C_LANGUAGE_STANDARD = gnu17;
				GCC_NO_COMMON_BLOCKS = YES;
				GCC_WARN_64_TO_32_BIT_CONVERSION = YES;
				GCC_WARN_ABOUT_RETURN_TYPE = YES_ERROR;
				GCC_WARN_UNDECLARED_SELECTOR = YES;
				GCC_WARN_UNINITIALIZED_AUTOS = YES_AGGRESSIVE;
				GCC_WARN_UNUSED_FUNCTION = YES;
				GCC_WARN_UNUSED_VARIABLE = YES;
				IPHONEOS_DEPLOYMENT_TARGET = 18.2;
				LOCALIZATION_PREFERS_STRING_CATALOGS = YES;
				MTL_ENABLE_DEBUG_INFO = NO;
				MTL_FAST_MATH = YES;
				SDKROOT = iphoneos;
				SWIFT_COMPILATION_MODE = wholemodule;
				VALIDATE_PRODUCT = YES;
			};
			name = Release;
		};
		6AD0FDCB2DD7DA32005AE64D /* Debug */ = {
			isa = XCBuildConfiguration;
			buildSettings = {
				ASSETCATALOG_COMPILER_APPICON_NAME = AppIcon;
				ASSETCATALOG_COMPILER_GLOBAL_ACCENT_COLOR_NAME = AccentColor;
				CODE_SIGN_STYLE = Automatic;
				CURRENT_PROJECT_VERSION = 1;
				DEVELOPMENT_ASSET_PATHS = "\"SudokuSolver/Preview Content\"";
				ENABLE_PREVIEWS = YES;
				GENERATE_INFOPLIST_FILE = YES;
				INFOPLIST_KEY_UIApplicationSceneManifest_Generation = YES;
				INFOPLIST_KEY_UIApplicationSupportsIndirectInputEvents = YES;
				INFOPLIST_KEY_UILaunchScreen_Generation = YES;
				INFOPLIST_KEY_UISupportedInterfaceOrientations_iPad = "UIInterfaceOrientationPortrait UIInterfaceOrientationPortraitUpsideDown UIInterfaceOrientationLandscapeLeft UIInterfaceOrientationLandscapeRight";
				INFOPLIST_KEY_UISupportedInterfaceOrientations_iPhone = "UIInterfaceOrientationPortrait UIInterfaceOrientationLandscapeLeft UIInterfaceOrientationLandscapeRight";
				LD_RUNPATH_SEARCH_PATHS = (
					"$(inherited)",
					"@executable_path/Frameworks",
				);
				MARKETING_VERSION = 1.0;
				PRODUCT_BUNDLE_IDENTIFIER = com.rgrg.SudokuSolver;
				PRODUCT_NAME = "$(TARGET_NAME)";
				SWIFT_EMIT_LOC_STRINGS = YES;
				SWIFT_VERSION = 5.0;
				TARGETED_DEVICE_FAMILY = "1,2";
			};
			name = Debug;
		};
		6AD0FDCC2DD7DA32005AE64D /* Release */ = {
			isa = XCBuildConfiguration;
			buildSettings = {
				ASSETCATALOG_COMPILER_APPICON_NAME = AppIcon;
				ASSETCATALOG_COMPILER_GLOBAL_ACCENT_COLOR_NAME = AccentColor;
				CODE_SIGN_STYLE = Automatic;
				CURRENT_PROJECT_VERSION = 1;
				DEVELOPMENT_ASSET_PATHS = "\"SudokuSolver/Preview Content\"";
				ENABLE_PREVIEWS = YES;
				GENERATE_INFOPLIST_FILE = YES;
				INFOPLIST_KEY_UIApplicationSceneManifest_Generation = YES;
				INFOPLIST_KEY_UIApplicationSupportsIndirectInputEvents = YES;
				INFOPLIST_KEY_UILaunchScreen_Generation = YES;
				INFOPLIST_KEY_UISupportedInterfaceOrientations_iPad = "UIInterfaceOrientationPortrait UIInterfaceOrientationPortraitUpsideDown UIInterfaceOrientationLandscapeLeft UIInterfaceOrientationLandscapeRight";
				INFOPLIST_KEY_UISupportedInterfaceOrientations_iPhone = "UIInterfaceOrientationPortrait UIInterfaceOrientationLandscapeLeft UIInterfaceOrientationLandscapeRight";
				LD_RUNPATH_SEARCH_PATHS = (
					"$(inherited)",
					"@executable_path/Frameworks",
				);
				MARKETING_VERSION = 1.0;
				PRODUCT_BUNDLE_IDENTIFIER = com.rgrg.SudokuSolver;
				PRODUCT_NAME = "$(TARGET_NAME)";
				SWIFT_EMIT_LOC_STRINGS = YES;
				SWIFT_VERSION = 5.0;
				TARGETED_DEVICE_FAMILY = "1,2";
			};
			name = Release;
		};
		6AD0FDCE2DD7DA32005AE64D /* Debug */ = {
			isa = XCBuildConfiguration;
			buildSettings = {
				BUNDLE_LOADER = "$(TEST_HOST)";
				CODE_SIGN_STYLE = Automatic;
				CURRENT_PROJECT_VERSION = 1;
				GENERATE_INFOPLIST_FILE = YES;
				IPHONEOS_DEPLOYMENT_TARGET = 18.2;
				MARKETING_VERSION = 1.0;
				PRODUCT_BUNDLE_IDENTIFIER = com.rgrg.SudokuSolverTests;
				PRODUCT_NAME = "$(TARGET_NAME)";
				SWIFT_EMIT_LOC_STRINGS = NO;
				SWIFT_VERSION = 5.0;
				TARGETED_DEVICE_FAMILY = "1,2";
				TEST_HOST = "$(BUILT_PRODUCTS_DIR)/SudokuSolver.app/$(BUNDLE_EXECUTABLE_FOLDER_PATH)/SudokuSolver";
			};
			name = Debug;
		};
		6AD0FDCF2DD7DA32005AE64D /* Release */ = {
			isa = XCBuildConfiguration;
			buildSettings = {
				BUNDLE_LOADER = "$(TEST_HOST)";
				CODE_SIGN_STYLE = Automatic;
				CURRENT_PROJECT_VERSION = 1;
				GENERATE_INFOPLIST_FILE = YES;
				IPHONEOS_DEPLOYMENT_TARGET = 18.2;
				MARKETING_VERSION = 1.0;
				PRODUCT_BUNDLE_IDENTIFIER = com.rgrg.SudokuSolverTests;
				PRODUCT_NAME = "$(TARGET_NAME)";
				SWIFT_EMIT_LOC_STRINGS = NO;
				SWIFT_VERSION = 5.0;
				TARGETED_DEVICE_FAMILY = "1,2";
				TEST_HOST = "$(BUILT_PRODUCTS_DIR)/SudokuSolver.app/$(BUNDLE_EXECUTABLE_FOLDER_PATH)/SudokuSolver";
			};
			name = Release;
		};
		6AD0FDD12DD7DA32005AE64D /* Debug */ = {
			isa = XCBuildConfiguration;
			buildSettings = {
				CODE_SIGN_STYLE = Automatic;
				CURRENT_PROJECT_VERSION = 1;
				GENERATE_INFOPLIST_FILE = YES;
				MARKETING_VERSION = 1.0;
				PRODUCT_BUNDLE_IDENTIFIER = com.rgrg.SudokuSolverUITests;
				PRODUCT_NAME = "$(TARGET_NAME)";
				SWIFT_EMIT_LOC_STRINGS = NO;
				SWIFT_VERSION = 5.0;
				TARGETED_DEVICE_FAMILY = "1,2";
				TEST_TARGET_NAME = SudokuSolver;
			};
			name = Debug;
		};
		6AD0FDD22DD7DA32005AE64D /* Release */ = {
			isa = XCBuildConfiguration;
			buildSettings = {
				CODE_SIGN_STYLE = Automatic;
				CURRENT_PROJECT_VERSION = 1;
				GENERATE_INFOPLIST_FILE = YES;
				MARKETING_VERSION = 1.0;
				PRODUCT_BUNDLE_IDENTIFIER = com.rgrg.SudokuSolverUITests;
				PRODUCT_NAME = "$(TARGET_NAME)";
				SWIFT_EMIT_LOC_STRINGS = NO;
				SWIFT_VERSION = 5.0;
				TARGETED_DEVICE_FAMILY = "1,2";
				TEST_TARGET_NAME = SudokuSolver;
			};
			name = Release;
		};
/* End XCBuildConfiguration section */

/* Begin XCConfigurationList section */
		6AD0FDA12DD7DA32005AE64D /* Build configuration list for PBXProject "SudokuSolver" */ = {
			isa = XCConfigurationList;
			buildConfigurations = (
				6AD0FDC82DD7DA32005AE64D /* Debug */,
				6AD0FDC92DD7DA32005AE64D /* Release */,
			);
			defaultConfigurationIsVisible = 0;
			defaultConfigurationName = Release;
		};
		6AD0FDCA2DD7DA32005AE64D /* Build configuration list for PBXNativeTarget "SudokuSolver" */ = {
			isa = XCConfigurationList;
			buildConfigurations = (
				6AD0FDCB2DD7DA32005AE64D /* Debug */,
				6AD0FDCC2DD7DA32005AE64D /* Release */,
			);
			defaultConfigurationIsVisible = 0;
			defaultConfigurationName = Release;
		};
		6AD0FDCD2DD7DA32005AE64D /* Build configuration list for PBXNativeTarget "SudokuSolverTests" */ = {
			isa = XCConfigurationList;
			buildConfigurations = (
				6AD0FDCE2DD7DA32005AE64D /* Debug */,
				6AD0FDCF2DD7DA32005AE64D /* Release */,
			);
			defaultConfigurationIsVisible = 0;
			defaultConfigurationName = Release;
		};
		6AD0FDD02DD7DA32005AE64D /* Build configuration list for PBXNativeTarget "SudokuSolverUITests" */ = {
			isa = XCConfigurationList;
			buildConfigurations = (
				6AD0FDD12DD7DA32005AE64D /* Debug */,
				6AD0FDD22DD7DA32005AE64D /* Release */,
			);
			defaultConfigurationIsVisible = 0;
			defaultConfigurationName = Release;
		};
/* End XCConfigurationList section */
	};
	rootObject = 6AD0FD9E2DD7DA32005AE64D /* Project object */;
}
